
Microsoft Visual Studio Solution File, Format Version 12.00
# Visual Studio Version 17
VisualStudioVersion = 17.14.36127.28 d17.14
MinimumVisualStudioVersion = 10.0.40219.1
Project("{FAE04EC0-301F-11D3-BF4B-00C04F79EFBC}") = "MauiDemoDataBinding", "MauiDemoDataBinding\MauiDemoDataBinding.csproj", "{B03C71CB-F841-495A-BD9B-224D9A11CFB8}"
EndProject
Global
	GlobalSection(SolutionConfigurationPlatforms) = preSolution
		Debug|Any CPU = Debug|Any CPU
		Release|Any CPU = Release|Any CPU
	EndGlobalSection
	GlobalSection(ProjectConfigurationPlatforms) = postSolution
		{B03C71CB-F841-495A-BD9B-224D9A11CFB8}.Debug|Any CPU.ActiveCfg = Debug|Any CPU
		{B03C71CB-F841-495A-BD9B-224D9A11CFB8}.Debug|Any CPU.Build.0 = Debug|Any CPU
		{B03C71CB-F841-495A-BD9B-224D9A11CFB8}.Release|Any CPU.ActiveCfg = Release|Any CPU
		{B03C71CB-F841-495A-BD9B-224D9A11CFB8}.Release|Any CPU.Build.0 = Release|Any CPU
	EndGlobalSection
	GlobalSection(SolutionProperties) = preSolution
		HideSolutionNode = FALSE
	EndGlobalSection
	GlobalSection(ExtensibilityGlobals) = postSolution
		SolutionGuid = {7514D72B-3573-4EA4-BAE8-9C014B68FEA3}
	EndGlobalSection
EndGlobal
